// !$*UTF8*$!
{
	archiveVersion = 1;
	classes = {
	};
	objectVersion = 48;
	objects = {

/* Begin PBXBuildFile section */
		EA06D7391F34855D00F3F0D5 /* AppDelegate.swift in Sources */ = {isa = PBXBuildFile; fileRef = EA06D7381F34855D00F3F0D5 /* AppDelegate.swift */; };
		EA06D73B1F34855D00F3F0D5 /* ViewController.swift in Sources */ = {isa = PBXBuildFile; fileRef = EA06D73A1F34855D00F3F0D5 /* ViewController.swift */; };
		EA06D73E1F34855D00F3F0D5 /* Main.storyboard in Resources */ = {isa = PBXBuildFile; fileRef = EA06D73C1F34855D00F3F0D5 /* Main.storyboard */; };
		EA06D7401F34855D00F3F0D5 /* Assets.xcassets in Resources */ = {isa = PBXBuildFile; fileRef = EA06D73F1F34855D00F3F0D5 /* Assets.xcassets */; };
		EA06D7431F34855D00F3F0D5 /* LaunchScreen.storyboard in Resources */ = {isa = PBXBuildFile; fileRef = EA06D7411F34855D00F3F0D5 /* LaunchScreen.storyboard */; };
		EA06D74E1F34855D00F3F0D5 /* dev_profileTests.swift in Sources */ = {isa = PBXBuildFile; fileRef = EA06D74D1F34855D00F3F0D5 /* dev_profileTests.swift */; };
		EA06D7591F34855D00F3F0D5 /* dev_profileUITests.swift in Sources */ = {isa = PBXBuildFile; fileRef = EA06D7581F34855D00F3F0D5 /* dev_profileUITests.swift */; };
/* End PBXBuildFile section */

/* Begin PBXContainerItemProxy section */
		EA06D74A1F34855D00F3F0D5 /* PBXContainerItemProxy */ = {
			isa = PBXContainerItemProxy;
			containerPortal = EA06D72D1F34855D00F3F0D5 /* Project object */;
			proxyType = 1;
			remoteGlobalIDString = EA06D7341F34855D00F3F0D5;
			remoteInfo = "dev-profile";
		};
		EA06D7551F34855D00F3F0D5 /* PBXContainerItemProxy */ = {
			isa = PBXContainerItemProxy;
			containerPortal = EA06D72D1F34855D00F3F0D5 /* Project object */;
			proxyType = 1;
			remoteGlobalIDString = EA06D7341F34855D00F3F0D5;
			remoteInfo = "dev-profile";
		};
/* End PBXContainerItemProxy section */

/* Begin PBXFileReference section */
		EA06D7351F34855D00F3F0D5 /* dev-profile.app */ = {isa = PBXFileReference; explicitFileType = wrapper.application; includeInIndex = 0; path = "dev-profile.app"; sourceTree = BUILT_PRODUCTS_DIR; };
		EA06D7381F34855D00F3F0D5 /* AppDelegate.swift */ = {isa = PBXFileReference; lastKnownFileType = sourcecode.swift; path = AppDelegate.swift; sourceTree = "<group>"; };
		EA06D73A1F34855D00F3F0D5 /* ViewController.swift */ = {isa = PBXFileReference; lastKnownFileType = sourcecode.swift; path = ViewController.swift; sourceTree = "<group>"; };
		EA06D73D1F34855D00F3F0D5 /* Base */ = {isa = PBXFileReference; lastKnownFileType = file.storyboard; name = Base; path = Base.lproj/Main.storyboard; sourceTree = "<group>"; };
		EA06D73F1F34855D00F3F0D5 /* Assets.xcassets */ = {isa = PBXFileReference; lastKnownFileType = folder.assetcatalog; path = Assets.xcassets; sourceTree = "<group>"; };
		EA06D7421F34855D00F3F0D5 /* Base */ = {isa = PBXFileReference; lastKnownFileType = file.storyboard; name = Base; path = Base.lproj/LaunchScreen.storyboard; sourceTree = "<group>"; };
		EA06D7441F34855D00F3F0D5 /* Info.plist */ = {isa = PBXFileReference; lastKnownFileType = text.plist.xml; path = Info.plist; sourceTree = "<group>"; };
		EA06D7491F34855D00F3F0D5 /* dev-profileTests.xctest */ = {isa = PBXFileReference; explicitFileType = wrapper.cfbundle; includeInIndex = 0; path = "dev-profileTests.xctest"; sourceTree = BUILT_PRODUCTS_DIR; };
		EA06D74D1F34855D00F3F0D5 /* dev_profileTests.swift */ = {isa = PBXFileReference; lastKnownFileType = sourcecode.swift; path = dev_profileTests.swift; sourceTree = "<group>"; };
		EA06D74F1F34855D00F3F0D5 /* Info.plist */ = {isa = PBXFileReference; lastKnownFileType = text.plist.xml; path = Info.plist; sourceTree = "<group>"; };
		EA06D7541F34855D00F3F0D5 /* dev-profileUITests.xctest */ = {isa = PBXFileReference; explicitFileType = wrapper.cfbundle; includeInIndex = 0; path = "dev-profileUITests.xctest"; sourceTree = BUILT_PRODUCTS_DIR; };
		EA06D7581F34855D00F3F0D5 /* dev_profileUITests.swift */ = {isa = PBXFileReference; lastKnownFileType = sourcecode.swift; path = dev_profileUITests.swift; sourceTree = "<group>"; };
		EA06D75A1F34855D00F3F0D5 /* Info.plist */ = {isa = PBXFileReference; lastKnownFileType = text.plist.xml; path = Info.plist; sourceTree = "<group>"; };
/* End PBXFileReference section */

/* Begin PBXFrameworksBuildPhase section */
		EA06D7321F34855D00F3F0D5 /* Frameworks */ = {
			isa = PBXFrameworksBuildPhase;
			buildActionMask = 2147483647;
			files = (
			);
			runOnlyForDeploymentPostprocessing = 0;
		};
		EA06D7461F34855D00F3F0D5 /* Frameworks */ = {
			isa = PBXFrameworksBuildPhase;
			buildActionMask = 2147483647;
			files = (
			);
			runOnlyForDeploymentPostprocessing = 0;
		};
		EA06D7511F34855D00F3F0D5 /* Frameworks */ = {
			isa = PBXFrameworksBuildPhase;
			buildActionMask = 2147483647;
			files = (
			);
			runOnlyForDeploymentPostprocessing = 0;
		};
/* End PBXFrameworksBuildPhase section */

/* Begin PBXGroup section */
		EA06D72C1F34855D00F3F0D5 = {
			isa = PBXGroup;
			children = (
				EA06D7371F34855D00F3F0D5 /* dev-profile */,
				EA06D74C1F34855D00F3F0D5 /* dev-profileTests */,
				EA06D7571F34855D00F3F0D5 /* dev-profileUITests */,
				EA06D7361F34855D00F3F0D5 /* Products */,
			);
			sourceTree = "<group>";
		};
		EA06D7361F34855D00F3F0D5 /* Products */ = {
			isa = PBXGroup;
			children = (
				EA06D7351F34855D00F3F0D5 /* dev-profile.app */,
				EA06D7491F34855D00F3F0D5 /* dev-profileTests.xctest */,
				EA06D7541F34855D00F3F0D5 /* dev-profileUITests.xctest */,
			);
			name = Products;
			sourceTree = "<group>";
		};
		EA06D7371F34855D00F3F0D5 /* dev-profile */ = {
			isa = PBXGroup;
			children = (
				EA06D7381F34855D00F3F0D5 /* AppDelegate.swift */,
				EA06D73A1F34855D00F3F0D5 /* ViewController.swift */,
				EA06D73C1F34855D00F3F0D5 /* Main.storyboard */,
				EA06D73F1F34855D00F3F0D5 /* Assets.xcassets */,
				EA06D7411F34855D00F3F0D5 /* LaunchScreen.storyboard */,
				EA06D7441F34855D00F3F0D5 /* Info.plist */,
			);
			path = "dev-profile";
			sourceTree = "<group>";
		};
		EA06D74C1F34855D00F3F0D5 /* dev-profileTests */ = {
			isa = PBXGroup;
			children = (
				EA06D74D1F34855D00F3F0D5 /* dev_profileTests.swift */,
				EA06D74F1F34855D00F3F0D5 /* Info.plist */,
			);
			path = "dev-profileTests";
			sourceTree = "<group>";
		};
		EA06D7571F34855D00F3F0D5 /* dev-profileUITests */ = {
			isa = PBXGroup;
			children = (
				EA06D7581F34855D00F3F0D5 /* dev_profileUITests.swift */,
				EA06D75A1F34855D00F3F0D5 /* Info.plist */,
			);
			path = "dev-profileUITests";
			sourceTree = "<group>";
		};
/* End PBXGroup section */

/* Begin PBXNativeTarget section */
		EA06D7341F34855D00F3F0D5 /* dev-profile */ = {
			isa = PBXNativeTarget;
			buildConfigurationList = EA06D75D1F34855D00F3F0D5 /* Build configuration list for PBXNativeTarget "dev-profile" */;
			buildPhases = (
				EA06D7311F34855D00F3F0D5 /* Sources */,
				EA06D7321F34855D00F3F0D5 /* Frameworks */,
				EA06D7331F34855D00F3F0D5 /* Resources */,
			);
			buildRules = (
			);
			dependencies = (
			);
			name = "dev-profile";
			productName = "dev-profile";
			productReference = EA06D7351F34855D00F3F0D5 /* dev-profile.app */;
			productType = "com.apple.product-type.application";
		};
		EA06D7481F34855D00F3F0D5 /* dev-profileTests */ = {
			isa = PBXNativeTarget;
			buildConfigurationList = EA06D7601F34855D00F3F0D5 /* Build configuration list for PBXNativeTarget "dev-profileTests" */;
			buildPhases = (
				EA06D7451F34855D00F3F0D5 /* Sources */,
				EA06D7461F34855D00F3F0D5 /* Frameworks */,
				EA06D7471F34855D00F3F0D5 /* Resources */,
			);
			buildRules = (
			);
			dependencies = (
				EA06D74B1F34855D00F3F0D5 /* PBXTargetDependency */,
			);
			name = "dev-profileTests";
			productName = "dev-profileTests";
			productReference = EA06D7491F34855D00F3F0D5 /* dev-profileTests.xctest */;
			productType = "com.apple.product-type.bundle.unit-test";
		};
		EA06D7531F34855D00F3F0D5 /* dev-profileUITests */ = {
			isa = PBXNativeTarget;
			buildConfigurationList = EA06D7631F34855D00F3F0D5 /* Build configuration list for PBXNativeTarget "dev-profileUITests" */;
			buildPhases = (
				EA06D7501F34855D00F3F0D5 /* Sources */,
				EA06D7511F34855D00F3F0D5 /* Frameworks */,
				EA06D7521F34855D00F3F0D5 /* Resources */,
			);
			buildRules = (
			);
			dependencies = (
				EA06D7561F34855D00F3F0D5 /* PBXTargetDependency */,
			);
			name = "dev-profileUITests";
			productName = "dev-profileUITests";
			productReference = EA06D7541F34855D00F3F0D5 /* dev-profileUITests.xctest */;
			productType = "com.apple.product-type.bundle.ui-testing";
		};
/* End PBXNativeTarget section */

/* Begin PBXProject section */
		EA06D72D1F34855D00F3F0D5 /* Project object */ = {
			isa = PBXProject;
			attributes = {
				LastSwiftUpdateCheck = 0900;
				LastUpgradeCheck = 0900;
				ORGANIZATIONNAME = "Marcin Pietrzak";
				TargetAttributes = {
					EA06D7341F34855D00F3F0D5 = {
						CreatedOnToolsVersion = 9.0;
					};
					EA06D7481F34855D00F3F0D5 = {
						CreatedOnToolsVersion = 9.0;
						TestTargetID = EA06D7341F34855D00F3F0D5;
					};
					EA06D7531F34855D00F3F0D5 = {
						CreatedOnToolsVersion = 9.0;
						TestTargetID = EA06D7341F34855D00F3F0D5;
					};
				};
			};
			buildConfigurationList = EA06D7301F34855D00F3F0D5 /* Build configuration list for PBXProject "dev-profile" */;
			compatibilityVersion = "Xcode 8.0";
			developmentRegion = en;
			hasScannedForEncodings = 0;
			knownRegions = (
				en,
				Base,
			);
			mainGroup = EA06D72C1F34855D00F3F0D5;
			productRefGroup = EA06D7361F34855D00F3F0D5 /* Products */;
			projectDirPath = "";
			projectRoot = "";
			targets = (
				EA06D7341F34855D00F3F0D5 /* dev-profile */,
				EA06D7481F34855D00F3F0D5 /* dev-profileTests */,
				EA06D7531F34855D00F3F0D5 /* dev-profileUITests */,
			);
		};
/* End PBXProject section */

/* Begin PBXResourcesBuildPhase section */
		EA06D7331F34855D00F3F0D5 /* Resources */ = {
			isa = PBXResourcesBuildPhase;
			buildActionMask = 2147483647;
			files = (
				EA06D7431F34855D00F3F0D5 /* LaunchScreen.storyboard in Resources */,
				EA06D7401F34855D00F3F0D5 /* Assets.xcassets in Resources */,
				EA06D73E1F34855D00F3F0D5 /* Main.storyboard in Resources */,
			);
			runOnlyForDeploymentPostprocessing = 0;
		};
		EA06D7471F34855D00F3F0D5 /* Resources */ = {
			isa = PBXResourcesBuildPhase;
			buildActionMask = 2147483647;
			files = (
			);
			runOnlyForDeploymentPostprocessing = 0;
		};
		EA06D7521F34855D00F3F0D5 /* Resources */ = {
			isa = PBXResourcesBuildPhase;
			buildActionMask = 2147483647;
			files = (
			);
			runOnlyForDeploymentPostprocessing = 0;
		};
/* End PBXResourcesBuildPhase section */

/* Begin PBXSourcesBuildPhase section */
		EA06D7311F34855D00F3F0D5 /* Sources */ = {
			isa = PBXSourcesBuildPhase;
			buildActionMask = 2147483647;
			files = (
				EA06D73B1F34855D00F3F0D5 /* ViewController.swift in Sources */,
				EA06D7391F34855D00F3F0D5 /* AppDelegate.swift in Sources */,
			);
			runOnlyForDeploymentPostprocessing = 0;
		};
		EA06D7451F34855D00F3F0D5 /* Sources */ = {
			isa = PBXSourcesBuildPhase;
			buildActionMask = 2147483647;
			files = (
				EA06D74E1F34855D00F3F0D5 /* dev_profileTests.swift in Sources */,
			);
			runOnlyForDeploymentPostprocessing = 0;
		};
		EA06D7501F34855D00F3F0D5 /* Sources */ = {
			isa = PBXSourcesBuildPhase;
			buildActionMask = 2147483647;
			files = (
				EA06D7591F34855D00F3F0D5 /* dev_profileUITests.swift in Sources */,
			);
			runOnlyForDeploymentPostprocessing = 0;
		};
/* End PBXSourcesBuildPhase section */

/* Begin PBXTargetDependency section */
		EA06D74B1F34855D00F3F0D5 /* PBXTargetDependency */ = {
			isa = PBXTargetDependency;
			target = EA06D7341F34855D00F3F0D5 /* dev-profile */;
			targetProxy = EA06D74A1F34855D00F3F0D5 /* PBXContainerItemProxy */;
		};
		EA06D7561F34855D00F3F0D5 /* PBXTargetDependency */ = {
			isa = PBXTargetDependency;
			target = EA06D7341F34855D00F3F0D5 /* dev-profile */;
			targetProxy = EA06D7551F34855D00F3F0D5 /* PBXContainerItemProxy */;
		};
/* End PBXTargetDependency section */

/* Begin PBXVariantGroup section */
		EA06D73C1F34855D00F3F0D5 /* Main.storyboard */ = {
			isa = PBXVariantGroup;
			children = (
				EA06D73D1F34855D00F3F0D5 /* Base */,
			);
			name = Main.storyboard;
			sourceTree = "<group>";
		};
		EA06D7411F34855D00F3F0D5 /* LaunchScreen.storyboard */ = {
			isa = PBXVariantGroup;
			children = (
				EA06D7421F34855D00F3F0D5 /* Base */,
			);
			name = LaunchScreen.storyboard;
			sourceTree = "<group>";
		};
/* End PBXVariantGroup section */

/* Begin XCBuildConfiguration section */
		EA06D75B1F34855D00F3F0D5 /* Debug */ = {
			isa = XCBuildConfiguration;
			buildSettings = {
				ALWAYS_SEARCH_USER_PATHS = NO;
				CLANG_ANALYZER_NONNULL = YES;
				CLANG_ANALYZER_NUMBER_OBJECT_CONVERSION = YES_AGGRESSIVE;
				CLANG_CXX_LANGUAGE_STANDARD = "gnu++14";
				CLANG_CXX_LIBRARY = "libc++";
				CLANG_ENABLE_MODULES = YES;
				CLANG_ENABLE_OBJC_ARC = YES;
				CLANG_WARN_BLOCK_CAPTURE_AUTORELEASING = YES;
				CLANG_WARN_BOOL_CONVERSION = YES;
				CLANG_WARN_COMMA = YES;
				CLANG_WARN_CONSTANT_CONVERSION = YES;
				CLANG_WARN_DIRECT_OBJC_ISA_USAGE = YES_ERROR;
				CLANG_WARN_DOCUMENTATION_COMMENTS = YES;
				CLANG_WARN_EMPTY_BODY = YES;
				CLANG_WARN_ENUM_CONVERSION = YES;
				CLANG_WARN_INFINITE_RECURSION = YES;
				CLANG_WARN_INT_CONVERSION = YES;
				CLANG_WARN_NON_LITERAL_NULL_CONVERSION = YES;
				CLANG_WARN_OBJC_LITERAL_CONVERSION = YES;
				CLANG_WARN_OBJC_ROOT_CLASS = YES_ERROR;
				CLANG_WARN_RANGE_LOOP_ANALYSIS = YES;
				CLANG_WARN_STRICT_PROTOTYPES = YES;
				CLANG_WARN_SUSPICIOUS_MOVE = YES;
				CLANG_WARN_UNGUARDED_AVAILABILITY = YES_AGGRESSIVE;
				CLANG_WARN_UNREACHABLE_CODE = YES;
				CLANG_WARN__DUPLICATE_METHOD_MATCH = YES;
				CODE_SIGN_IDENTITY = "iPhone Developer";
				COPY_PHASE_STRIP = NO;
				DEBUG_INFORMATION_FORMAT = dwarf;
				ENABLE_STRICT_OBJC_MSGSEND = YES;
				ENABLE_TESTABILITY = YES;
				GCC_C_LANGUAGE_STANDARD = gnu11;
				GCC_DYNAMIC_NO_PIC = NO;
				GCC_NO_COMMON_BLOCKS = YES;
				GCC_OPTIMIZATION_LEVEL = 0;
				GCC_PREPROCESSOR_DEFINITIONS = (
					"DEBUG=1",
					"$(inherited)",
				);
				GCC_WARN_64_TO_32_BIT_CONVERSION = YES;
				GCC_WARN_ABOUT_RETURN_TYPE = YES_ERROR;
				GCC_WARN_UNDECLARED_SELECTOR = YES;
				GCC_WARN_UNINITIALIZED_AUTOS = YES_AGGRESSIVE;
				GCC_WARN_UNUSED_FUNCTION = YES;
				GCC_WARN_UNUSED_VARIABLE = YES;
				IPHONEOS_DEPLOYMENT_TARGET = 11.0;
				MTL_ENABLE_DEBUG_INFO = YES;
				ONLY_ACTIVE_ARCH = YES;
				SDKROOT = iphoneos;
				SWIFT_ACTIVE_COMPILATION_CONDITIONS = DEBUG;
				SWIFT_OPTIMIZATION_LEVEL = "-Onone";
			};
			name = Debug;
		};
		EA06D75C1F34855D00F3F0D5 /* Release */ = {
			isa = XCBuildConfiguration;
			buildSettings = {
				ALWAYS_SEARCH_USER_PATHS = NO;
				CLANG_ANALYZER_NONNULL = YES;
				CLANG_ANALYZER_NUMBER_OBJECT_CONVERSION = YES_AGGRESSIVE;
				CLANG_CXX_LANGUAGE_STANDARD = "gnu++14";
				CLANG_CXX_LIBRARY = "libc++";
				CLANG_ENABLE_MODULES = YES;
				CLANG_ENABLE_OBJC_ARC = YES;
				CLANG_WARN_BLOCK_CAPTURE_AUTORELEASING = YES;
				CLANG_WARN_BOOL_CONVERSION = YES;
				CLANG_WARN_COMMA = YES;
				CLANG_WARN_CONSTANT_CONVERSION = YES;
				CLANG_WARN_DIRECT_OBJC_ISA_USAGE = YES_ERROR;
				CLANG_WARN_DOCUMENTATION_COMMENTS = YES;
				CLANG_WARN_EMPTY_BODY = YES;
				CLANG_WARN_ENUM_CONVERSION = YES;
				CLANG_WARN_INFINITE_RECURSION = YES;
				CLANG_WARN_INT_CONVERSION = YES;
				CLANG_WARN_NON_LITERAL_NULL_CONVERSION = YES;
				CLANG_WARN_OBJC_LITERAL_CONVERSION = YES;
				CLANG_WARN_OBJC_ROOT_CLASS = YES_ERROR;
				CLANG_WARN_RANGE_LOOP_ANALYSIS = YES;
				CLANG_WARN_STRICT_PROTOTYPES = YES;
				CLANG_WARN_SUSPICIOUS_MOVE = YES;
				CLANG_WARN_UNGUARDED_AVAILABILITY = YES_AGGRESSIVE;
				CLANG_WARN_UNREACHABLE_CODE = YES;
				CLANG_WARN__DUPLICATE_METHOD_MATCH = YES;
				CODE_SIGN_IDENTITY = "iPhone Developer";
				COPY_PHASE_STRIP = NO;
				DEBUG_INFORMATION_FORMAT = "dwarf-with-dsym";
				ENABLE_NS_ASSERTIONS = NO;
				ENABLE_STRICT_OBJC_MSGSEND = YES;
				GCC_C_LANGUAGE_STANDARD = gnu11;
				GCC_NO_COMMON_BLOCKS = YES;
				GCC_WARN_64_TO_32_BIT_CONVERSION = YES;
				GCC_WARN_ABOUT_RETURN_TYPE = YES_ERROR;
				GCC_WARN_UNDECLARED_SELECTOR = YES;
				GCC_WARN_UNINITIALIZED_AUTOS = YES_AGGRESSIVE;
				GCC_WARN_UNUSED_FUNCTION = YES;
				GCC_WARN_UNUSED_VARIABLE = YES;
				IPHONEOS_DEPLOYMENT_TARGET = 11.0;
				MTL_ENABLE_DEBUG_INFO = NO;
				SDKROOT = iphoneos;
				SWIFT_OPTIMIZATION_LEVEL = "-Owholemodule";
				VALIDATE_PRODUCT = YES;
			};
			name = Release;
		};
		EA06D75E1F34855D00F3F0D5 /* Debug */ = {
			isa = XCBuildConfiguration;
			buildSettings = {
				ASSETCATALOG_COMPILER_APPICON_NAME = AppIcon;
				INFOPLIST_FILE = "dev-profile/Info.plist";
				LD_RUNPATH_SEARCH_PATHS = "$(inherited) @executable_path/Frameworks";
				PRODUCT_BUNDLE_IDENTIFIER = "com.swiftarcher.dev-profile";
				PRODUCT_NAME = "$(TARGET_NAME)";
				SWIFT_VERSION = 4.0;
				TARGETED_DEVICE_FAMILY = "1,2";
			};
			name = Debug;
		};
		EA06D75F1F34855D00F3F0D5 /* Release */ = {
			isa = XCBuildConfiguration;
			buildSettings = {
				ASSETCATALOG_COMPILER_APPICON_NAME = AppIcon;
				INFOPLIST_FILE = "dev-profile/Info.plist";
				LD_RUNPATH_SEARCH_PATHS = "$(inherited) @executable_path/Frameworks";
				PRODUCT_BUNDLE_IDENTIFIER = "com.swiftarcher.dev-profile";
				PRODUCT_NAME = "$(TARGET_NAME)";
				SWIFT_VERSION = 4.0;
				TARGETED_DEVICE_FAMILY = "1,2";
			};
			name = Release;
		};
		EA06D7611F34855D00F3F0D5 /* Debug */ = {
			isa = XCBuildConfiguration;
			buildSettings = {
				ALWAYS_EMBED_SWIFT_STANDARD_LIBRARIES = YES;
				BUNDLE_LOADER = "$(TEST_HOST)";
				INFOPLIST_FILE = "dev-profileTests/Info.plist";
				LD_RUNPATH_SEARCH_PATHS = "$(inherited) @executable_path/Frameworks @loader_path/Frameworks";
				PRODUCT_BUNDLE_IDENTIFIER = "com.swiftarcher.dev-profileTests";
				PRODUCT_NAME = "$(TARGET_NAME)";
				SWIFT_VERSION = 4.0;
				TARGETED_DEVICE_FAMILY = "1,2";
				TEST_HOST = "$(BUILT_PRODUCTS_DIR)/dev-profile.app/dev-profile";
			};
			name = Debug;
		};
		EA06D7621F34855D00F3F0D5 /* Release */ = {
			isa = XCBuildConfiguration;
			buildSettings = {
				ALWAYS_EMBED_SWIFT_STANDARD_LIBRARIES = YES;
				BUNDLE_LOADER = "$(TEST_HOST)";
				INFOPLIST_FILE = "dev-profileTests/Info.plist";
				LD_RUNPATH_SEARCH_PATHS = "$(inherited) @executable_path/Frameworks @loader_path/Frameworks";
				PRODUCT_BUNDLE_IDENTIFIER = "com.swiftarcher.dev-profileTests";
				PRODUCT_NAME = "$(TARGET_NAME)";
				SWIFT_VERSION = 4.0;
				TARGETED_DEVICE_FAMILY = "1,2";
				TEST_HOST = "$(BUILT_PRODUCTS_DIR)/dev-profile.app/dev-profile";
			};
			name = Release;
		};
		EA06D7641F34855D00F3F0D5 /* Debug */ = {
			isa = XCBuildConfiguration;
			buildSettings = {
				ALWAYS_EMBED_SWIFT_STANDARD_LIBRARIES = YES;
				INFOPLIST_FILE = "dev-profileUITests/Info.plist";
				LD_RUNPATH_SEARCH_PATHS = "$(inherited) @executable_path/Frameworks @loader_path/Frameworks";
				PRODUCT_BUNDLE_IDENTIFIER = "com.swiftarcher.dev-profileUITests";
				PRODUCT_NAME = "$(TARGET_NAME)";
				SWIFT_VERSION = 4.0;
				TARGETED_DEVICE_FAMILY = "1,2";
				TEST_TARGET_NAME = "dev-profile";
			};
			name = Debug;
		};
		EA06D7651F34855D00F3F0D5 /* Release */ = {
			isa = XCBuildConfiguration;
			buildSettings = {
				ALWAYS_EMBED_SWIFT_STANDARD_LIBRARIES = YES;
				INFOPLIST_FILE = "dev-profileUITests/Info.plist";
				LD_RUNPATH_SEARCH_PATHS = "$(inherited) @executable_path/Frameworks @loader_path/Frameworks";
				PRODUCT_BUNDLE_IDENTIFIER = "com.swiftarcher.dev-profileUITests";
				PRODUCT_NAME = "$(TARGET_NAME)";
				SWIFT_VERSION = 4.0;
				TARGETED_DEVICE_FAMILY = "1,2";
				TEST_TARGET_NAME = "dev-profile";
			};
			name = Release;
		};
/* End XCBuildConfiguration section */

/* Begin XCConfigurationList section */
		EA06D7301F34855D00F3F0D5 /* Build configuration list for PBXProject "dev-profile" */ = {
			isa = XCConfigurationList;
			buildConfigurations = (
				EA06D75B1F34855D00F3F0D5 /* Debug */,
				EA06D75C1F34855D00F3F0D5 /* Release */,
			);
			defaultConfigurationIsVisible = 0;
			defaultConfigurationName = Release;
		};
		EA06D75D1F34855D00F3F0D5 /* Build configuration list for PBXNativeTarget "dev-profile" */ = {
			isa = XCConfigurationList;
			buildConfigurations = (
				EA06D75E1F34855D00F3F0D5 /* Debug */,
				EA06D75F1F34855D00F3F0D5 /* Release */,
			);
			defaultConfigurationIsVisible = 0;
			defaultConfigurationName = Release;
		};
		EA06D7601F34855D00F3F0D5 /* Build configuration list for PBXNativeTarget "dev-profileTests" */ = {
			isa = XCConfigurationList;
			buildConfigurations = (
				EA06D7611F34855D00F3F0D5 /* Debug */,
				EA06D7621F34855D00F3F0D5 /* Release */,
			);
			defaultConfigurationIsVisible = 0;
			defaultConfigurationName = Release;
		};
		EA06D7631F34855D00F3F0D5 /* Build configuration list for PBXNativeTarget "dev-profileUITests" */ = {
			isa = XCConfigurationList;
			buildConfigurations = (
				EA06D7641F34855D00F3F0D5 /* Debug */,
				EA06D7651F34855D00F3F0D5 /* Release */,
			);
			defaultConfigurationIsVisible = 0;
			defaultConfigurationName = Release;
		};
/* End XCConfigurationList section */
	};
	rootObject = EA06D72D1F34855D00F3F0D5 /* Project object */;
}
